
Microsoft Visual Studio Solution File, Format Version 12.00
# Visual Studio 2012
Project("{D954291E-2A0B-460D-934E-DC6B0785DB48}") = "TabIcons", "TabIcons\TabIcons.shproj", "{AF5F6DFA-1336-489A-A89D-6AFF6630EE18}"
EndProject
Project("{FAE04EC0-301F-11D3-BF4B-00C04F79EFBC}") = "TabIcons.iOS", "iOS\TabIcons.iOS.csproj", "{8567B5C7-CBF2-443B-A195-99D2518034B7}"
EndProject
Project("{FAE04EC0-301F-11D3-BF4B-00C04F79EFBC}") = "TabIcons.Droid", "Droid\TabIcons.Droid.csproj", "{66ADAB58-66A5-4296-BB0A-C63176114822}"
EndProject
Global
	GlobalSection(SolutionConfigurationPlatforms) = preSolution
		Debug|iPhoneSimulator = Debug|iPhoneSimulator
		Release|iPhone = Release|iPhone
		Release|iPhoneSimulator = Release|iPhoneSimulator
		Debug|iPhone = Debug|iPhone
		Debug|Any CPU = Debug|Any CPU
		Release|Any CPU = Release|Any CPU
	EndGlobalSection
	GlobalSection(ProjectConfigurationPlatforms) = postSolution
		{8567B5C7-CBF2-443B-A195-99D2518034B7}.Debug|iPhoneSimulator.ActiveCfg = Debug|iPhoneSimulator
		{8567B5C7-CBF2-443B-A195-99D2518034B7}.Debug|iPhoneSimulator.Build.0 = Debug|iPhoneSimulator
		{8567B5C7-CBF2-443B-A195-99D2518034B7}.Release|iPhone.ActiveCfg = Release|iPhone
		{8567B5C7-CBF2-443B-A195-99D2518034B7}.Release|iPhone.Build.0 = Release|iPhone
		{8567B5C7-CBF2-443B-A195-99D2518034B7}.Release|iPhoneSimulator.ActiveCfg = Release|iPhoneSimulator
		{8567B5C7-CBF2-443B-A195-99D2518034B7}.Release|iPhoneSimulator.Build.0 = Release|iPhoneSimulator
		{8567B5C7-CBF2-443B-A195-99D2518034B7}.Debug|iPhone.ActiveCfg = Debug|iPhone
		{8567B5C7-CBF2-443B-A195-99D2518034B7}.Debug|iPhone.Build.0 = Debug|iPhone
		{8567B5C7-CBF2-443B-A195-99D2518034B7}.Debug|Any CPU.ActiveCfg = Debug|iPhoneSimulator
		{8567B5C7-CBF2-443B-A195-99D2518034B7}.Debug|Any CPU.Build.0 = Debug|iPhoneSimulator
		{8567B5C7-CBF2-443B-A195-99D2518034B7}.Release|Any CPU.ActiveCfg = Release|iPhone
		{8567B5C7-CBF2-443B-A195-99D2518034B7}.Release|Any CPU.Build.0 = Release|iPhone
		{66ADAB58-66A5-4296-BB0A-C63176114822}.Debug|iPhoneSimulator.ActiveCfg = Debug|Any CPU
		{66ADAB58-66A5-4296-BB0A-C63176114822}.Debug|iPhoneSimulator.Build.0 = Debug|Any CPU
		{66ADAB58-66A5-4296-BB0A-C63176114822}.Release|iPhone.ActiveCfg = Release|Any CPU
		{66ADAB58-66A5-4296-BB0A-C63176114822}.Release|iPhone.Build.0 = Release|Any CPU
		{66ADAB58-66A5-4296-BB0A-C63176114822}.Release|iPhoneSimulator.ActiveCfg = Release|Any CPU
		{66ADAB58-66A5-4296-BB0A-C63176114822}.Release|iPhoneSimulator.Build.0 = Release|Any CPU
		{66ADAB58-66A5-4296-BB0A-C63176114822}.Debug|iPhone.ActiveCfg = Debug|Any CPU
		{66ADAB58-66A5-4296-BB0A-C63176114822}.Debug|iPhone.Build.0 = Debug|Any CPU
		{66ADAB58-66A5-4296-BB0A-C63176114822}.Debug|Any CPU.ActiveCfg = Debug|Any CPU
		{66ADAB58-66A5-4296-BB0A-C63176114822}.Debug|Any CPU.Build.0 = Debug|Any CPU
		{66ADAB58-66A5-4296-BB0A-C63176114822}.Release|Any CPU.ActiveCfg = Release|Any CPU
		{66ADAB58-66A5-4296-BB0A-C63176114822}.Release|Any CPU.Build.0 = Release|Any CPU
	EndGlobalSection
EndGlobal
